
Microsoft Visual Studio Solution File, Format Version 12.00
# Visual Studio Version 17
VisualStudioVersion = 17.3.32901.215
MinimumVisualStudioVersion = 10.0.40219.1
Project("{FAE04EC0-301F-11D3-BF4B-00C04F79EFBC}") = "coreproject2", "coreproject2\coreproject2.csproj", "{CFC3B99F-4EB0-42FC-A0F7-75B3B62E9BBA}"
EndProject
Global
	GlobalSection(SolutionConfigurationPlatforms) = preSolution
		Debug|Any CPU = Debug|Any CPU
		Release|Any CPU = Release|Any CPU
	EndGlobalSection
	GlobalSection(ProjectConfigurationPlatforms) = postSolution
		{CFC3B99F-4EB0-42FC-A0F7-75B3B62E9BBA}.Debug|Any CPU.ActiveCfg = Debug|Any CPU
		{CFC3B99F-4EB0-42FC-A0F7-75B3B62E9BBA}.Debug|Any CPU.Build.0 = Debug|Any CPU
		{CFC3B99F-4EB0-42FC-A0F7-75B3B62E9BBA}.Release|Any CPU.ActiveCfg = Release|Any CPU
		{CFC3B99F-4EB0-42FC-A0F7-75B3B62E9BBA}.Release|Any CPU.Build.0 = Release|Any CPU
	EndGlobalSection
	GlobalSection(SolutionProperties) = preSolution
		HideSolutionNode = FALSE
	EndGlobalSection
	GlobalSection(ExtensibilityGlobals) = postSolution
		SolutionGuid = {D396CE2B-67B3-484F-A058-FAF3CDD1CB26}
	EndGlobalSection
EndGlobal
